
Microsoft Visual Studio Solution File, Format Version 12.00
# Visual Studio Version 17
VisualStudioVersion = 17.6.33723.286
MinimumVisualStudioVersion = 10.0.40219.1
Project("{9A19103F-16F7-4668-BE54-9A1E7A4F7556}") = "SoccerCrud.WebApi", "SoccerCrud.WebApi\SoccerCrud.WebApi.csproj", "{F2D4DD54-10E8-4BED-8B74-BD7456BC1A01}"
EndProject
Project("{E53339B2-1760-4266-BCC7-CA923CBCF16C}") = "docker-compose", "docker-compose.dcproj", "{A0650118-B095-4CB1-8688-807F98F5A066}"
EndProject
Project("{FAE04EC0-301F-11D3-BF4B-00C04F79EFBC}") = "SoccerCrud.WebApi.IntegrationTests", "SoccerCrud.WebApi.IntegrationTests\SoccerCrud.WebApi.IntegrationTests.csproj", "{A526BB21-F0D2-42B6-8FF8-0620C3E7E417}"
EndProject
Global
	GlobalSection(SolutionConfigurationPlatforms) = preSolution
		Debug|Any CPU = Debug|Any CPU
		Release|Any CPU = Release|Any CPU
	EndGlobalSection
	GlobalSection(ProjectConfigurationPlatforms) = postSolution
		{F2D4DD54-10E8-4BED-8B74-BD7456BC1A01}.Debug|Any CPU.ActiveCfg = Debug|Any CPU
		{F2D4DD54-10E8-4BED-8B74-BD7456BC1A01}.Debug|Any CPU.Build.0 = Debug|Any CPU
		{F2D4DD54-10E8-4BED-8B74-BD7456BC1A01}.Release|Any CPU.ActiveCfg = Release|Any CPU
		{F2D4DD54-10E8-4BED-8B74-BD7456BC1A01}.Release|Any CPU.Build.0 = Release|Any CPU
		{A0650118-B095-4CB1-8688-807F98F5A066}.Debug|Any CPU.ActiveCfg = Debug|Any CPU
		{A0650118-B095-4CB1-8688-807F98F5A066}.Debug|Any CPU.Build.0 = Debug|Any CPU
		{A0650118-B095-4CB1-8688-807F98F5A066}.Release|Any CPU.ActiveCfg = Release|Any CPU
		{A0650118-B095-4CB1-8688-807F98F5A066}.Release|Any CPU.Build.0 = Release|Any CPU
		{A526BB21-F0D2-42B6-8FF8-0620C3E7E417}.Debug|Any CPU.ActiveCfg = Debug|Any CPU
		{A526BB21-F0D2-42B6-8FF8-0620C3E7E417}.Debug|Any CPU.Build.0 = Debug|Any CPU
		{A526BB21-F0D2-42B6-8FF8-0620C3E7E417}.Release|Any CPU.ActiveCfg = Release|Any CPU
		{A526BB21-F0D2-42B6-8FF8-0620C3E7E417}.Release|Any CPU.Build.0 = Release|Any CPU
	EndGlobalSection
	GlobalSection(SolutionProperties) = preSolution
		HideSolutionNode = FALSE
	EndGlobalSection
	GlobalSection(ExtensibilityGlobals) = postSolution
		SolutionGuid = {BA4852A2-01D1-429A-A89C-1C84CDB0E171}
	EndGlobalSection
EndGlobal
